// !$*UTF8*$!
{
	archiveVersion = 1;
	classes = {
	};
	objectVersion = 46;
	objects = {

/* Begin PBXBuildFile section */
		3D775F151886F86F00D00B70 /* Foundation.framework in Frameworks */ = {isa = PBXBuildFile; fileRef = 3D775F141886F86F00D00B70 /* Foundation.framework */; };
		3D775F171886F86F00D00B70 /* CoreGraphics.framework in Frameworks */ = {isa = PBXBuildFile; fileRef = 3D775F161886F86F00D00B70 /* CoreGraphics.framework */; };
		3D775F191886F86F00D00B70 /* UIKit.framework in Frameworks */ = {isa = PBXBuildFile; fileRef = 3D775F181886F86F00D00B70 /* UIKit.framework */; };
		3D775F1F1886F86F00D00B70 /* InfoPlist.strings in Resources */ = {isa = PBXBuildFile; fileRef = 3D775F1D1886F86F00D00B70 /* InfoPlist.strings */; };
		3D775F211886F86F00D00B70 /* main.m in Sources */ = {isa = PBXBuildFile; fileRef = 3D775F201886F86F00D00B70 /* main.m */; };
		3D775F251886F86F00D00B70 /* SMLAppDelegate.m in Sources */ = {isa = PBXBuildFile; fileRef = 3D775F241886F86F00D00B70 /* SMLAppDelegate.m */; };
		3D775F281886F86F00D00B70 /* Main.storyboard in Resources */ = {isa = PBXBuildFile; fileRef = 3D775F261886F86F00D00B70 /* Main.storyboard */; };
		3D775F2B1886F86F00D00B70 /* SMLViewController.m in Sources */ = {isa = PBXBuildFile; fileRef = 3D775F2A1886F86F00D00B70 /* SMLViewController.m */; };
		3D775F2D1886F86F00D00B70 /* Images.xcassets in Resources */ = {isa = PBXBuildFile; fileRef = 3D775F2C1886F86F00D00B70 /* Images.xcassets */; };
		3D775F4B1886F8A400D00B70 /* SMLGravityView.m in Sources */ = {isa = PBXBuildFile; fileRef = 3D775F4A1886F8A400D00B70 /* SMLGravityView.m */; };
		3D775F5618870A1F00D00B70 /* CMMotionManager+Spaceman.m in Sources */ = {isa = PBXBuildFile; fileRef = 3D775F5518870A1F00D00B70 /* CMMotionManager+Spaceman.m */; };
/* End PBXBuildFile section */

/* Begin PBXFileReference section */
		3D775F111886F86F00D00B70 /* Gravity.app */ = {isa = PBXFileReference; explicitFileType = wrapper.application; includeInIndex = 0; path = Gravity.app; sourceTree = BUILT_PRODUCTS_DIR; };
		3D775F141886F86F00D00B70 /* Foundation.framework */ = {isa = PBXFileReference; lastKnownFileType = wrapper.framework; name = Foundation.framework; path = System/Library/Frameworks/Foundation.framework; sourceTree = SDKROOT; };
		3D775F161886F86F00D00B70 /* CoreGraphics.framework */ = {isa = PBXFileReference; lastKnownFileType = wrapper.framework; name = CoreGraphics.framework; path = System/Library/Frameworks/CoreGraphics.framework; sourceTree = SDKROOT; };
		3D775F181886F86F00D00B70 /* UIKit.framework */ = {isa = PBXFileReference; lastKnownFileType = wrapper.framework; name = UIKit.framework; path = System/Library/Frameworks/UIKit.framework; sourceTree = SDKROOT; };
		3D775F1C1886F86F00D00B70 /* Gravity-Info.plist */ = {isa = PBXFileReference; lastKnownFileType = text.plist.xml; path = "Gravity-Info.plist"; sourceTree = "<group>"; };
		3D775F1E1886F86F00D00B70 /* en */ = {isa = PBXFileReference; lastKnownFileType = text.plist.strings; name = en; path = en.lproj/InfoPlist.strings; sourceTree = "<group>"; };
		3D775F201886F86F00D00B70 /* main.m */ = {isa = PBXFileReference; lastKnownFileType = sourcecode.c.objc; path = main.m; sourceTree = "<group>"; };
		3D775F221886F86F00D00B70 /* Gravity-Prefix.pch */ = {isa = PBXFileReference; lastKnownFileType = sourcecode.c.h; path = "Gravity-Prefix.pch"; sourceTree = "<group>"; };
		3D775F231886F86F00D00B70 /* SMLAppDelegate.h */ = {isa = PBXFileReference; lastKnownFileType = sourcecode.c.h; path = SMLAppDelegate.h; sourceTree = "<group>"; };
		3D775F241886F86F00D00B70 /* SMLAppDelegate.m */ = {isa = PBXFileReference; lastKnownFileType = sourcecode.c.objc; path = SMLAppDelegate.m; sourceTree = "<group>"; };
		3D775F271886F86F00D00B70 /* Base */ = {isa = PBXFileReference; lastKnownFileType = file.storyboard; name = Base; path = Base.lproj/Main.storyboard; sourceTree = "<group>"; };
		3D775F291886F86F00D00B70 /* SMLViewController.h */ = {isa = PBXFileReference; lastKnownFileType = sourcecode.c.h; name = SMLViewController.h; path = Gravity/SMLViewController.h; sourceTree = "<group>"; };
		3D775F2A1886F86F00D00B70 /* SMLViewController.m */ = {isa = PBXFileReference; lastKnownFileType = sourcecode.c.objc; name = SMLViewController.m; path = Gravity/SMLViewController.m; sourceTree = "<group>"; };
		3D775F2C1886F86F00D00B70 /* Images.xcassets */ = {isa = PBXFileReference; lastKnownFileType = folder.assetcatalog; path = Images.xcassets; sourceTree = "<group>"; };
		3D775F331886F86F00D00B70 /* XCTest.framework */ = {isa = PBXFileReference; lastKnownFileType = wrapper.framework; name = XCTest.framework; path = Library/Frameworks/XCTest.framework; sourceTree = DEVELOPER_DIR; };
		3D775F491886F8A400D00B70 /* SMLGravityView.h */ = {isa = PBXFileReference; fileEncoding = 4; lastKnownFileType = sourcecode.c.h; name = SMLGravityView.h; path = Gravity/SMLGravityView.h; sourceTree = "<group>"; };
		3D775F4A1886F8A400D00B70 /* SMLGravityView.m */ = {isa = PBXFileReference; fileEncoding = 4; lastKnownFileType = sourcecode.c.objc; name = SMLGravityView.m; path = Gravity/SMLGravityView.m; sourceTree = "<group>"; };
		3D775F5418870A1F00D00B70 /* CMMotionManager+Spaceman.h */ = {isa = PBXFileReference; fileEncoding = 4; lastKnownFileType = sourcecode.c.h; path = "CMMotionManager+Spaceman.h"; sourceTree = "<group>"; };
		3D775F5518870A1F00D00B70 /* CMMotionManager+Spaceman.m */ = {isa = PBXFileReference; fileEncoding = 4; lastKnownFileType = sourcecode.c.objc; path = "CMMotionManager+Spaceman.m"; sourceTree = "<group>"; };
/* End PBXFileReference section */

/* Begin PBXFrameworksBuildPhase section */
		3D775F0E1886F86F00D00B70 /* Frameworks */ = {
			isa = PBXFrameworksBuildPhase;
			buildActionMask = 2147483647;
			files = (
				3D775F171886F86F00D00B70 /* CoreGraphics.framework in Frameworks */,
				3D775F191886F86F00D00B70 /* UIKit.framework in Frameworks */,
				3D775F151886F86F00D00B70 /* Foundation.framework in Frameworks */,
			);
			runOnlyForDeploymentPostprocessing = 0;
		};
/* End PBXFrameworksBuildPhase section */

/* Begin PBXGroup section */
		3D775F081886F86F00D00B70 = {
			isa = PBXGroup;
			children = (
				3D775F291886F86F00D00B70 /* SMLViewController.h */,
				3D775F2A1886F86F00D00B70 /* SMLViewController.m */,
				3D775F491886F8A400D00B70 /* SMLGravityView.h */,
				3D775F4A1886F8A400D00B70 /* SMLGravityView.m */,
				3D775F1A1886F86F00D00B70 /* Gravity */,
				3D775F131886F86F00D00B70 /* Frameworks */,
				3D775F121886F86F00D00B70 /* Products */,
			);
			sourceTree = "<group>";
		};
		3D775F121886F86F00D00B70 /* Products */ = {
			isa = PBXGroup;
			children = (
				3D775F111886F86F00D00B70 /* Gravity.app */,
			);
			name = Products;
			sourceTree = "<group>";
		};
		3D775F131886F86F00D00B70 /* Frameworks */ = {
			isa = PBXGroup;
			children = (
				3D775F141886F86F00D00B70 /* Foundation.framework */,
				3D775F161886F86F00D00B70 /* CoreGraphics.framework */,
				3D775F181886F86F00D00B70 /* UIKit.framework */,
				3D775F331886F86F00D00B70 /* XCTest.framework */,
			);
			name = Frameworks;
			sourceTree = "<group>";
		};
		3D775F1A1886F86F00D00B70 /* Gravity */ = {
			isa = PBXGroup;
			children = (
				3D775F5418870A1F00D00B70 /* CMMotionManager+Spaceman.h */,
				3D775F5518870A1F00D00B70 /* CMMotionManager+Spaceman.m */,
				3D775F231886F86F00D00B70 /* SMLAppDelegate.h */,
				3D775F241886F86F00D00B70 /* SMLAppDelegate.m */,
				3D775F261886F86F00D00B70 /* Main.storyboard */,
				3D775F2C1886F86F00D00B70 /* Images.xcassets */,
				3D775F1B1886F86F00D00B70 /* Supporting Files */,
			);
			path = Gravity;
			sourceTree = "<group>";
		};
		3D775F1B1886F86F00D00B70 /* Supporting Files */ = {
			isa = PBXGroup;
			children = (
				3D775F1C1886F86F00D00B70 /* Gravity-Info.plist */,
				3D775F1D1886F86F00D00B70 /* InfoPlist.strings */,
				3D775F201886F86F00D00B70 /* main.m */,
				3D775F221886F86F00D00B70 /* Gravity-Prefix.pch */,
			);
			name = "Supporting Files";
			sourceTree = "<group>";
		};
/* End PBXGroup section */

/* Begin PBXNativeTarget section */
		3D775F101886F86F00D00B70 /* Gravity */ = {
			isa = PBXNativeTarget;
			buildConfigurationList = 3D775F431886F86F00D00B70 /* Build configuration list for PBXNativeTarget "Gravity" */;
			buildPhases = (
				3D775F0D1886F86F00D00B70 /* Sources */,
				3D775F0E1886F86F00D00B70 /* Frameworks */,
				3D775F0F1886F86F00D00B70 /* Resources */,
			);
			buildRules = (
			);
			dependencies = (
			);
			name = Gravity;
			productName = Gravity;
			productReference = 3D775F111886F86F00D00B70 /* Gravity.app */;
			productType = "com.apple.product-type.application";
		};
/* End PBXNativeTarget section */

/* Begin PBXProject section */
		3D775F091886F86F00D00B70 /* Project object */ = {
			isa = PBXProject;
			attributes = {
				CLASSPREFIX = SML;
				LastUpgradeCheck = 0500;
				ORGANIZATIONNAME = "Spaceman Labs, Inc.";
			};
			buildConfigurationList = 3D775F0C1886F86F00D00B70 /* Build configuration list for PBXProject "Gravity" */;
			compatibilityVersion = "Xcode 3.2";
			developmentRegion = English;
			hasScannedForEncodings = 0;
			knownRegions = (
				en,
				Base,
			);
			mainGroup = 3D775F081886F86F00D00B70;
			productRefGroup = 3D775F121886F86F00D00B70 /* Products */;
			projectDirPath = "";
			projectRoot = "";
			targets = (
				3D775F101886F86F00D00B70 /* Gravity */,
			);
		};
/* End PBXProject section */

/* Begin PBXResourcesBuildPhase section */
		3D775F0F1886F86F00D00B70 /* Resources */ = {
			isa = PBXResourcesBuildPhase;
			buildActionMask = 2147483647;
			files = (
				3D775F2D1886F86F00D00B70 /* Images.xcassets in Resources */,
				3D775F1F1886F86F00D00B70 /* InfoPlist.strings in Resources */,
				3D775F281886F86F00D00B70 /* Main.storyboard in Resources */,
			);
			runOnlyForDeploymentPostprocessing = 0;
		};
/* End PBXResourcesBuildPhase section */

/* Begin PBXSourcesBuildPhase section */
		3D775F0D1886F86F00D00B70 /* Sources */ = {
			isa = PBXSourcesBuildPhase;
			buildActionMask = 2147483647;
			files = (
				3D775F4B1886F8A400D00B70 /* SMLGravityView.m in Sources */,
				3D775F2B1886F86F00D00B70 /* SMLViewController.m in Sources */,
				3D775F211886F86F00D00B70 /* main.m in Sources */,
				3D775F5618870A1F00D00B70 /* CMMotionManager+Spaceman.m in Sources */,
				3D775F251886F86F00D00B70 /* SMLAppDelegate.m in Sources */,
			);
			runOnlyForDeploymentPostprocessing = 0;
		};
/* End PBXSourcesBuildPhase section */

/* Begin PBXVariantGroup section */
		3D775F1D1886F86F00D00B70 /* InfoPlist.strings */ = {
			isa = PBXVariantGroup;
			children = (
				3D775F1E1886F86F00D00B70 /* en */,
			);
			name = InfoPlist.strings;
			sourceTree = "<group>";
		};
		3D775F261886F86F00D00B70 /* Main.storyboard */ = {
			isa = PBXVariantGroup;
			children = (
				3D775F271886F86F00D00B70 /* Base */,
			);
			name = Main.storyboard;
			sourceTree = "<group>";
		};
/* End PBXVariantGroup section */

/* Begin XCBuildConfiguration section */
		3D775F411886F86F00D00B70 /* Debug */ = {
			isa = XCBuildConfiguration;
			buildSettings = {
				ALWAYS_SEARCH_USER_PATHS = NO;
				ARCHS = "$(ARCHS_STANDARD_INCLUDING_64_BIT)";
				CLANG_CXX_LANGUAGE_STANDARD = "gnu++0x";
				CLANG_CXX_LIBRARY = "libc++";
				CLANG_ENABLE_MODULES = YES;
				CLANG_ENABLE_OBJC_ARC = YES;
				CLANG_WARN_BOOL_CONVERSION = YES;
				CLANG_WARN_CONSTANT_CONVERSION = YES;
				CLANG_WARN_DIRECT_OBJC_ISA_USAGE = YES_ERROR;
				CLANG_WARN_EMPTY_BODY = YES;
				CLANG_WARN_ENUM_CONVERSION = YES;
				CLANG_WARN_INT_CONVERSION = YES;
				CLANG_WARN_OBJC_ROOT_CLASS = YES_ERROR;
				CLANG_WARN__DUPLICATE_METHOD_MATCH = YES;
				"CODE_SIGN_IDENTITY[sdk=iphoneos*]" = "iPhone Developer";
				COPY_PHASE_STRIP = NO;
				GCC_C_LANGUAGE_STANDARD = gnu99;
				GCC_DYNAMIC_NO_PIC = NO;
				GCC_OPTIMIZATION_LEVEL = 0;
				GCC_PREPROCESSOR_DEFINITIONS = (
					"DEBUG=1",
					"$(inherited)",
				);
				GCC_SYMBOLS_PRIVATE_EXTERN = NO;
				GCC_WARN_64_TO_32_BIT_CONVERSION = YES;
				GCC_WARN_ABOUT_RETURN_TYPE = YES_ERROR;
				GCC_WARN_UNDECLARED_SELECTOR = YES;
				GCC_WARN_UNINITIALIZED_AUTOS = YES;
				GCC_WARN_UNUSED_FUNCTION = YES;
				GCC_WARN_UNUSED_VARIABLE = YES;
				IPHONEOS_DEPLOYMENT_TARGET = 7.0;
				ONLY_ACTIVE_ARCH = YES;
				SDKROOT = iphoneos;
			};
			name = Debug;
		};
		3D775F421886F86F00D00B70 /* Release */ = {
			isa = XCBuildConfiguration;
			buildSettings = {
				ALWAYS_SEARCH_USER_PATHS = NO;
				ARCHS = "$(ARCHS_STANDARD_INCLUDING_64_BIT)";
				CLANG_CXX_LANGUAGE_STANDARD = "gnu++0x";
				CLANG_CXX_LIBRARY = "libc++";
				CLANG_ENABLE_MODULES = YES;
				CLANG_ENABLE_OBJC_ARC = YES;
				CLANG_WARN_BOOL_CONVERSION = YES;
				CLANG_WARN_CONSTANT_CONVERSION = YES;
				CLANG_WARN_DIRECT_OBJC_ISA_USAGE = YES_ERROR;
				CLANG_WARN_EMPTY_BODY = YES;
				CLANG_WARN_ENUM_CONVERSION = YES;
				CLANG_WARN_INT_CONVERSION = YES;
				CLANG_WARN_OBJC_ROOT_CLASS = YES_ERROR;
				CLANG_WARN__DUPLICATE_METHOD_MATCH = YES;
				"CODE_SIGN_IDENTITY[sdk=iphoneos*]" = "iPhone Developer";
				COPY_PHASE_STRIP = YES;
				ENABLE_NS_ASSERTIONS = NO;
				GCC_C_LANGUAGE_STANDARD = gnu99;
				GCC_WARN_64_TO_32_BIT_CONVERSION = YES;
				GCC_WARN_ABOUT_RETURN_TYPE = YES_ERROR;
				GCC_WARN_UNDECLARED_SELECTOR = YES;
				GCC_WARN_UNINITIALIZED_AUTOS = YES;
				GCC_WARN_UNUSED_FUNCTION = YES;
				GCC_WARN_UNUSED_VARIABLE = YES;
				IPHONEOS_DEPLOYMENT_TARGET = 7.0;
				SDKROOT = iphoneos;
				VALIDATE_PRODUCT = YES;
			};
			name = Release;
		};
		3D775F441886F86F00D00B70 /* Debug */ = {
			isa = XCBuildConfiguration;
			buildSettings = {
				ASSETCATALOG_COMPILER_APPICON_NAME = AppIcon;
				ASSETCATALOG_COMPILER_LAUNCHIMAGE_NAME = LaunchImage;
				GCC_PRECOMPILE_PREFIX_HEADER = YES;
				GCC_PREFIX_HEADER = "Gravity/Gravity-Prefix.pch";
				INFOPLIST_FILE = "Gravity/Gravity-Info.plist";
				PRODUCT_NAME = "$(TARGET_NAME)";
				WRAPPER_EXTENSION = app;
			};
			name = Debug;
		};
		3D775F451886F86F00D00B70 /* Release */ = {
			isa = XCBuildConfiguration;
			buildSettings = {
				ASSETCATALOG_COMPILER_APPICON_NAME = AppIcon;
				ASSETCATALOG_COMPILER_LAUNCHIMAGE_NAME = LaunchImage;
				GCC_PRECOMPILE_PREFIX_HEADER = YES;
				GCC_PREFIX_HEADER = "Gravity/Gravity-Prefix.pch";
				INFOPLIST_FILE = "Gravity/Gravity-Info.plist";
				PRODUCT_NAME = "$(TARGET_NAME)";
				WRAPPER_EXTENSION = app;
			};
			name = Release;
		};
/* End XCBuildConfiguration section */

/* Begin XCConfigurationList section */
		3D775F0C1886F86F00D00B70 /* Build configuration list for PBXProject "Gravity" */ = {
			isa = XCConfigurationList;
			buildConfigurations = (
				3D775F411886F86F00D00B70 /* Debug */,
				3D775F421886F86F00D00B70 /* Release */,
			);
			defaultConfigurationIsVisible = 0;
			defaultConfigurationName = Release;
		};
		3D775F431886F86F00D00B70 /* Build configuration list for PBXNativeTarget "Gravity" */ = {
			isa = XCConfigurationList;
			buildConfigurations = (
				3D775F441886F86F00D00B70 /* Debug */,
				3D775F451886F86F00D00B70 /* Release */,
			);
			defaultConfigurationIsVisible = 0;
			defaultConfigurationName = Release;
		};
/* End XCConfigurationList section */
	};
	rootObject = 3D775F091886F86F00D00B70 /* Project object */;
}
